
Microsoft Visual Studio Solution File, Format Version 12.00
# Visual Studio Version 17
VisualStudioVersion = 17.5.33424.131
MinimumVisualStudioVersion = 10.0.40219.1
Project("{FAE04EC0-301F-11D3-BF4B-00C04F79EFBC}") = "Snake_Console", "Snake_Console\Snake_Console.csproj", "{D3575844-B392-4DE5-830A-1073B1A684F1}"
EndProject
Global
	GlobalSection(SolutionConfigurationPlatforms) = preSolution
		Debug|Any CPU = Debug|Any CPU
		Release|Any CPU = Release|Any CPU
	EndGlobalSection
	GlobalSection(ProjectConfigurationPlatforms) = postSolution
		{D3575844-B392-4DE5-830A-1073B1A684F1}.Debug|Any CPU.ActiveCfg = Debug|Any CPU
		{D3575844-B392-4DE5-830A-1073B1A684F1}.Debug|Any CPU.Build.0 = Debug|Any CPU
		{D3575844-B392-4DE5-830A-1073B1A684F1}.Release|Any CPU.ActiveCfg = Release|Any CPU
		{D3575844-B392-4DE5-830A-1073B1A684F1}.Release|Any CPU.Build.0 = Release|Any CPU
	EndGlobalSection
	GlobalSection(SolutionProperties) = preSolution
		HideSolutionNode = FALSE
	EndGlobalSection
	GlobalSection(ExtensibilityGlobals) = postSolution
		SolutionGuid = {BE3DDE08-3D66-4ED6-83FF-E3CF845D1DBE}
	EndGlobalSection
EndGlobal
